
Microsoft Visual Studio Solution File, Format Version 12.00
# Visual Studio 15
VisualStudioVersion = 15.0.27703.2018
MinimumVisualStudioVersion = 10.0.40219.1
Project("{FAE04EC0-301F-11D3-BF4B-00C04F79EFBC}") = "C Sharp Project", "C Sharp Project\C Sharp Project.csproj", "{C2FCB037-2917-40C8-AFB0-89B95725717B}"
EndProject
Global
	GlobalSection(SolutionConfigurationPlatforms) = preSolution
		Debug|Any CPU = Debug|Any CPU
		Release|Any CPU = Release|Any CPU
	EndGlobalSection
	GlobalSection(ProjectConfigurationPlatforms) = postSolution
		{C2FCB037-2917-40C8-AFB0-89B95725717B}.Debug|Any CPU.ActiveCfg = Debug|Any CPU
		{C2FCB037-2917-40C8-AFB0-89B95725717B}.Debug|Any CPU.Build.0 = Debug|Any CPU
		{C2FCB037-2917-40C8-AFB0-89B95725717B}.Release|Any CPU.ActiveCfg = Release|Any CPU
		{C2FCB037-2917-40C8-AFB0-89B95725717B}.Release|Any CPU.Build.0 = Release|Any CPU
	EndGlobalSection
	GlobalSection(SolutionProperties) = preSolution
		HideSolutionNode = FALSE
	EndGlobalSection
	GlobalSection(ExtensibilityGlobals) = postSolution
		SolutionGuid = {9056FEE4-45D8-4D39-8DD5-424C3C97BEE6}
	EndGlobalSection
EndGlobal
